
Microsoft Visual Studio Solution File, Format Version 12.00
# Visual Studio Version 16
VisualStudioVersion = 16.0.31624.102
MinimumVisualStudioVersion = 10.0.40219.1
Project("{FAE04EC0-301F-11D3-BF4B-00C04F79EFBC}") = "LogonHoursToRangeHours", "LogonHoursToRangeHours\LogonHoursToRangeHours.csproj", "{D2BB3712-F756-4D60-B4AD-6C6FECF6BDA2}"
EndProject
Project("{FAE04EC0-301F-11D3-BF4B-00C04F79EFBC}") = "AppExampleLogonHours", "AppExampleLogonHours\AppExampleLogonHours.csproj", "{2CF95ED8-0DFE-4903-8672-5B4D256CC09F}"
EndProject
Project("{FAE04EC0-301F-11D3-BF4B-00C04F79EFBC}") = "RL.NET.Controls", "RL.NET.Controls\RL.NET.Controls.csproj", "{68D63EA0-E414-4128-8CC1-FCDEBA960F62}"
EndProject
Global
	GlobalSection(SolutionConfigurationPlatforms) = preSolution
		Debug|Any CPU = Debug|Any CPU
		Release|Any CPU = Release|Any CPU
	EndGlobalSection
	GlobalSection(ProjectConfigurationPlatforms) = postSolution
		{D2BB3712-F756-4D60-B4AD-6C6FECF6BDA2}.Debug|Any CPU.ActiveCfg = Debug|Any CPU
		{D2BB3712-F756-4D60-B4AD-6C6FECF6BDA2}.Debug|Any CPU.Build.0 = Debug|Any CPU
		{D2BB3712-F756-4D60-B4AD-6C6FECF6BDA2}.Release|Any CPU.ActiveCfg = Release|Any CPU
		{D2BB3712-F756-4D60-B4AD-6C6FECF6BDA2}.Release|Any CPU.Build.0 = Release|Any CPU
		{2CF95ED8-0DFE-4903-8672-5B4D256CC09F}.Debug|Any CPU.ActiveCfg = Debug|Any CPU
		{2CF95ED8-0DFE-4903-8672-5B4D256CC09F}.Debug|Any CPU.Build.0 = Debug|Any CPU
		{2CF95ED8-0DFE-4903-8672-5B4D256CC09F}.Release|Any CPU.ActiveCfg = Release|Any CPU
		{2CF95ED8-0DFE-4903-8672-5B4D256CC09F}.Release|Any CPU.Build.0 = Release|Any CPU
		{68D63EA0-E414-4128-8CC1-FCDEBA960F62}.Debug|Any CPU.ActiveCfg = Debug|Any CPU
		{68D63EA0-E414-4128-8CC1-FCDEBA960F62}.Debug|Any CPU.Build.0 = Debug|Any CPU
		{68D63EA0-E414-4128-8CC1-FCDEBA960F62}.Release|Any CPU.ActiveCfg = Release|Any CPU
		{68D63EA0-E414-4128-8CC1-FCDEBA960F62}.Release|Any CPU.Build.0 = Release|Any CPU
	EndGlobalSection
	GlobalSection(SolutionProperties) = preSolution
		HideSolutionNode = FALSE
	EndGlobalSection
	GlobalSection(ExtensibilityGlobals) = postSolution
		SolutionGuid = {86CC1A3A-97CE-4E77-83E5-DD4C891D9FFD}
	EndGlobalSection
EndGlobal
